
Microsoft Visual Studio Solution File, Format Version 12.00
# Visual Studio Version 17
VisualStudioVersion = 17.0.31903.59
MinimumVisualStudioVersion = 10.0.40219.1
Project("{FAE04EC0-301F-11D3-BF4B-00C04F79EFBC}") = "PrimeService", "PrimeService\PrimeService.csproj", "{1A47C451-2FD3-46FB-9D06-3A19972DE073}"
EndProject
Project("{FAE04EC0-301F-11D3-BF4B-00C04F79EFBC}") = "PrimeService.Tests", "PrimeService.Tests\PrimeService.Tests.csproj", "{50423F02-4B85-4327-A6C9-F6CEDE5DABFB}"
EndProject
Global
	GlobalSection(SolutionConfigurationPlatforms) = preSolution
		Debug|Any CPU = Debug|Any CPU
		Release|Any CPU = Release|Any CPU
	EndGlobalSection
	GlobalSection(SolutionProperties) = preSolution
		HideSolutionNode = FALSE
	EndGlobalSection
	GlobalSection(ProjectConfigurationPlatforms) = postSolution
		{1A47C451-2FD3-46FB-9D06-3A19972DE073}.Debug|Any CPU.ActiveCfg = Debug|Any CPU
		{1A47C451-2FD3-46FB-9D06-3A19972DE073}.Debug|Any CPU.Build.0 = Debug|Any CPU
		{1A47C451-2FD3-46FB-9D06-3A19972DE073}.Release|Any CPU.ActiveCfg = Release|Any CPU
		{1A47C451-2FD3-46FB-9D06-3A19972DE073}.Release|Any CPU.Build.0 = Release|Any CPU
		{50423F02-4B85-4327-A6C9-F6CEDE5DABFB}.Debug|Any CPU.ActiveCfg = Debug|Any CPU
		{50423F02-4B85-4327-A6C9-F6CEDE5DABFB}.Debug|Any CPU.Build.0 = Debug|Any CPU
		{50423F02-4B85-4327-A6C9-F6CEDE5DABFB}.Release|Any CPU.ActiveCfg = Release|Any CPU
		{50423F02-4B85-4327-A6C9-F6CEDE5DABFB}.Release|Any CPU.Build.0 = Release|Any CPU
	EndGlobalSection
EndGlobal
